
Microsoft Visual Studio Solution File, Format Version 12.00
# Visual Studio 15
VisualStudioVersion = 15.0.28307.421
MinimumVisualStudioVersion = 10.0.40219.1
Project("{FAE04EC0-301F-11D3-BF4B-00C04F79EFBC}") = "Program2", "Program2.csproj", "{63274A02-58CD-43DF-910B-4D8AA8C8D149}"
EndProject
Global
	GlobalSection(SolutionConfigurationPlatforms) = preSolution
		Debug|Any CPU = Debug|Any CPU
		Release|Any CPU = Release|Any CPU
	EndGlobalSection
	GlobalSection(ProjectConfigurationPlatforms) = postSolution
		{63274A02-58CD-43DF-910B-4D8AA8C8D149}.Debug|Any CPU.ActiveCfg = Debug|Any CPU
		{63274A02-58CD-43DF-910B-4D8AA8C8D149}.Debug|Any CPU.Build.0 = Debug|Any CPU
		{63274A02-58CD-43DF-910B-4D8AA8C8D149}.Release|Any CPU.ActiveCfg = Release|Any CPU
		{63274A02-58CD-43DF-910B-4D8AA8C8D149}.Release|Any CPU.Build.0 = Release|Any CPU
	EndGlobalSection
	GlobalSection(SolutionProperties) = preSolution
		HideSolutionNode = FALSE
	EndGlobalSection
	GlobalSection(ExtensibilityGlobals) = postSolution
		SolutionGuid = {E21A0C10-D79F-4F47-B0BF-DE3789EA7F9E}
	EndGlobalSection
EndGlobal
